
Microsoft Visual Studio Solution File, Format Version 12.00
# Visual Studio Version 17
VisualStudioVersion = 17.14.36310.24 d17.14
MinimumVisualStudioVersion = 10.0.40219.1
Project("{8BC9CEB8-8B4A-11D0-8D11-00A0C91BC942}") = "MT3-02-02", "MT3-02-02.vcxproj", "{F2F605E3-E150-4A88-8C86-0168916C2D71}"
EndProject
Global
	GlobalSection(SolutionConfigurationPlatforms) = preSolution
		Debug|x64 = Debug|x64
		Release|x64 = Release|x64
	EndGlobalSection
	GlobalSection(ProjectConfigurationPlatforms) = postSolution
		{F2F605E3-E150-4A88-8C86-0168916C2D71}.Debug|x64.ActiveCfg = Debug|x64
		{F2F605E3-E150-4A88-8C86-0168916C2D71}.Debug|x64.Build.0 = Debug|x64
		{F2F605E3-E150-4A88-8C86-0168916C2D71}.Release|x64.ActiveCfg = Release|x64
		{F2F605E3-E150-4A88-8C86-0168916C2D71}.Release|x64.Build.0 = Release|x64
	EndGlobalSection
	GlobalSection(SolutionProperties) = preSolution
		HideSolutionNode = FALSE
	EndGlobalSection
	GlobalSection(ExtensibilityGlobals) = postSolution
		SolutionGuid = {8E8A7440-E6D1-43CD-ACB4-597F4BB332A1}
	EndGlobalSection
EndGlobal
